
Microsoft Visual Studio Solution File, Format Version 12.00
# Visual Studio 15
VisualStudioVersion = 15.0.27428.2027
MinimumVisualStudioVersion = 10.0.40219.1
Project("{9A19103F-16F7-4668-BE54-9A1E7A4F7556}") = "OddestOdds.Web", "OddestOdds\OddestOdds.Web.csproj", "{F5FB5E42-A38C-4B1A-86E5-B4FF9E5791F3}"
EndProject
Project("{9A19103F-16F7-4668-BE54-9A1E7A4F7556}") = "OddestOdds.Core", "OddestOdds.Core\OddestOdds.Core.csproj", "{229965FF-42A6-4E65-A398-07202D6E7732}"
EndProject
Project("{9A19103F-16F7-4668-BE54-9A1E7A4F7556}") = "OddestOdds.Infrastructure", "OddestOdds.Infrastructure\OddestOdds.Infrastructure.csproj", "{295D3664-94E2-4CB9-964C-212ADB3CF455}"
EndProject
Project("{9A19103F-16F7-4668-BE54-9A1E7A4F7556}") = "Tests", "Tests\Tests.csproj", "{CC2D1DB8-1B2C-4BAF-B73F-F836EB35C7A3}"
EndProject
Project("{FAE04EC0-301F-11D3-BF4B-00C04F79EFBC}") = "OddestOdds.Service", "OddestOdds.Service\OddestOdds.Service.csproj", "{7D570A86-A5C9-49E8-B228-95A5FCAF7051}"
EndProject
Global
	GlobalSection(SolutionConfigurationPlatforms) = preSolution
		Debug|Any CPU = Debug|Any CPU
		Release|Any CPU = Release|Any CPU
	EndGlobalSection
	GlobalSection(ProjectConfigurationPlatforms) = postSolution
		{F5FB5E42-A38C-4B1A-86E5-B4FF9E5791F3}.Debug|Any CPU.ActiveCfg = Debug|Any CPU
		{F5FB5E42-A38C-4B1A-86E5-B4FF9E5791F3}.Debug|Any CPU.Build.0 = Debug|Any CPU
		{F5FB5E42-A38C-4B1A-86E5-B4FF9E5791F3}.Release|Any CPU.ActiveCfg = Release|Any CPU
		{F5FB5E42-A38C-4B1A-86E5-B4FF9E5791F3}.Release|Any CPU.Build.0 = Release|Any CPU
		{229965FF-42A6-4E65-A398-07202D6E7732}.Debug|Any CPU.ActiveCfg = Debug|Any CPU
		{229965FF-42A6-4E65-A398-07202D6E7732}.Debug|Any CPU.Build.0 = Debug|Any CPU
		{229965FF-42A6-4E65-A398-07202D6E7732}.Release|Any CPU.ActiveCfg = Release|Any CPU
		{229965FF-42A6-4E65-A398-07202D6E7732}.Release|Any CPU.Build.0 = Release|Any CPU
		{295D3664-94E2-4CB9-964C-212ADB3CF455}.Debug|Any CPU.ActiveCfg = Debug|Any CPU
		{295D3664-94E2-4CB9-964C-212ADB3CF455}.Debug|Any CPU.Build.0 = Debug|Any CPU
		{295D3664-94E2-4CB9-964C-212ADB3CF455}.Release|Any CPU.ActiveCfg = Release|Any CPU
		{295D3664-94E2-4CB9-964C-212ADB3CF455}.Release|Any CPU.Build.0 = Release|Any CPU
		{CC2D1DB8-1B2C-4BAF-B73F-F836EB35C7A3}.Debug|Any CPU.ActiveCfg = Debug|Any CPU
		{CC2D1DB8-1B2C-4BAF-B73F-F836EB35C7A3}.Debug|Any CPU.Build.0 = Debug|Any CPU
		{CC2D1DB8-1B2C-4BAF-B73F-F836EB35C7A3}.Release|Any CPU.ActiveCfg = Release|Any CPU
		{CC2D1DB8-1B2C-4BAF-B73F-F836EB35C7A3}.Release|Any CPU.Build.0 = Release|Any CPU
		{7D570A86-A5C9-49E8-B228-95A5FCAF7051}.Debug|Any CPU.ActiveCfg = Debug|Any CPU
		{7D570A86-A5C9-49E8-B228-95A5FCAF7051}.Debug|Any CPU.Build.0 = Debug|Any CPU
		{7D570A86-A5C9-49E8-B228-95A5FCAF7051}.Release|Any CPU.ActiveCfg = Release|Any CPU
		{7D570A86-A5C9-49E8-B228-95A5FCAF7051}.Release|Any CPU.Build.0 = Release|Any CPU
	EndGlobalSection
	GlobalSection(SolutionProperties) = preSolution
		HideSolutionNode = FALSE
	EndGlobalSection
	GlobalSection(ExtensibilityGlobals) = postSolution
		SolutionGuid = {D081E649-F185-4E75-86C8-581B502E80AA}
	EndGlobalSection
EndGlobal
